
Microsoft Visual Studio Solution File, Format Version 12.00
# Visual Studio Version 17
VisualStudioVersion = 17.13.35931.197 d17.13
MinimumVisualStudioVersion = 10.0.40219.1
Project("{FAE04EC0-301F-11D3-BF4B-00C04F79EFBC}") = "CRUD test project with an API", "CRUD test project with an API\CRUD test project with an API.csproj", "{78F4F9D9-80F9-4B63-B1DE-601EB70D3FD0}"
EndProject
Global
	GlobalSection(SolutionConfigurationPlatforms) = preSolution
		Debug|Any CPU = Debug|Any CPU
		Release|Any CPU = Release|Any CPU
	EndGlobalSection
	GlobalSection(ProjectConfigurationPlatforms) = postSolution
		{78F4F9D9-80F9-4B63-B1DE-601EB70D3FD0}.Debug|Any CPU.ActiveCfg = Debug|Any CPU
		{78F4F9D9-80F9-4B63-B1DE-601EB70D3FD0}.Debug|Any CPU.Build.0 = Debug|Any CPU
		{78F4F9D9-80F9-4B63-B1DE-601EB70D3FD0}.Release|Any CPU.ActiveCfg = Release|Any CPU
		{78F4F9D9-80F9-4B63-B1DE-601EB70D3FD0}.Release|Any CPU.Build.0 = Release|Any CPU
	EndGlobalSection
	GlobalSection(SolutionProperties) = preSolution
		HideSolutionNode = FALSE
	EndGlobalSection
	GlobalSection(ExtensibilityGlobals) = postSolution
		SolutionGuid = {A293A5DB-49FC-4280-81F5-0CCEFC835F34}
	EndGlobalSection
EndGlobal
